
Microsoft Visual Studio Solution File, Format Version 12.00
# Visual Studio Version 17
VisualStudioVersion = 17.0.31919.166
MinimumVisualStudioVersion = 10.0.40219.1
Project("{FAE04EC0-301F-11D3-BF4B-00C04F79EFBC}") = "ConfigurationAPI", "ConfigurationAPI\ConfigurationAPI.csproj", "{AF6FECB5-E030-4E8D-86A2-D28850690474}"
EndProject
Project("{FAE04EC0-301F-11D3-BF4B-00C04F79EFBC}") = "test", "test\test.csproj", "{1AA4EF2C-58CC-435B-8F8A-0AE5ADB31091}"
EndProject
Global
	GlobalSection(SolutionConfigurationPlatforms) = preSolution
		Debug|Any CPU = Debug|Any CPU
		Debug|ARM64 = Debug|ARM64
		Release|Any CPU = Release|Any CPU
		Release|ARM64 = Release|ARM64
	EndGlobalSection
	GlobalSection(ProjectConfigurationPlatforms) = postSolution
		{AF6FECB5-E030-4E8D-86A2-D28850690474}.Debug|Any CPU.ActiveCfg = Debug|Any CPU
		{AF6FECB5-E030-4E8D-86A2-D28850690474}.Debug|Any CPU.Build.0 = Debug|Any CPU
		{AF6FECB5-E030-4E8D-86A2-D28850690474}.Debug|ARM64.ActiveCfg = Debug|ARM64
		{AF6FECB5-E030-4E8D-86A2-D28850690474}.Debug|ARM64.Build.0 = Debug|ARM64
		{AF6FECB5-E030-4E8D-86A2-D28850690474}.Release|Any CPU.ActiveCfg = Release|Any CPU
		{AF6FECB5-E030-4E8D-86A2-D28850690474}.Release|Any CPU.Build.0 = Release|Any CPU
		{AF6FECB5-E030-4E8D-86A2-D28850690474}.Release|ARM64.ActiveCfg = Release|ARM64
		{AF6FECB5-E030-4E8D-86A2-D28850690474}.Release|ARM64.Build.0 = Release|ARM64
		{1AA4EF2C-58CC-435B-8F8A-0AE5ADB31091}.Debug|Any CPU.ActiveCfg = Debug|Any CPU
		{1AA4EF2C-58CC-435B-8F8A-0AE5ADB31091}.Debug|Any CPU.Build.0 = Debug|Any CPU
		{1AA4EF2C-58CC-435B-8F8A-0AE5ADB31091}.Debug|ARM64.ActiveCfg = Debug|Any CPU
		{1AA4EF2C-58CC-435B-8F8A-0AE5ADB31091}.Debug|ARM64.Build.0 = Debug|Any CPU
		{1AA4EF2C-58CC-435B-8F8A-0AE5ADB31091}.Release|Any CPU.ActiveCfg = Release|Any CPU
		{1AA4EF2C-58CC-435B-8F8A-0AE5ADB31091}.Release|Any CPU.Build.0 = Release|Any CPU
		{1AA4EF2C-58CC-435B-8F8A-0AE5ADB31091}.Release|ARM64.ActiveCfg = Release|Any CPU
		{1AA4EF2C-58CC-435B-8F8A-0AE5ADB31091}.Release|ARM64.Build.0 = Release|Any CPU
	EndGlobalSection
	GlobalSection(SolutionProperties) = preSolution
		HideSolutionNode = FALSE
	EndGlobalSection
	GlobalSection(ExtensibilityGlobals) = postSolution
		SolutionGuid = {DD64D5B6-0F2F-418E-9AD6-70668FC5AB59}
	EndGlobalSection
EndGlobal
